
Microsoft Visual Studio Solution File, Format Version 10.00
# Visual Studio 2008
Project("{F184B08F-C81C-45F6-A57F-5ABD9991F28F}") = "Grade Management System", "Grade Management System\Grade Management System.vbproj", "{3A4F4488-DE72-4D79-82C3-05C86058ED43}"
EndProject
Global
	GlobalSection(SolutionConfigurationPlatforms) = preSolution
		Debug|Any CPU = Debug|Any CPU
		Release|Any CPU = Release|Any CPU
	EndGlobalSection
	GlobalSection(ProjectConfigurationPlatforms) = postSolution
		{3A4F4488-DE72-4D79-82C3-05C86058ED43}.Debug|Any CPU.ActiveCfg = Debug|Any CPU
		{3A4F4488-DE72-4D79-82C3-05C86058ED43}.Debug|Any CPU.Build.0 = Debug|Any CPU
		{3A4F4488-DE72-4D79-82C3-05C86058ED43}.Release|Any CPU.ActiveCfg = Release|Any CPU
		{3A4F4488-DE72-4D79-82C3-05C86058ED43}.Release|Any CPU.Build.0 = Release|Any CPU
	EndGlobalSection
	GlobalSection(SolutionProperties) = preSolution
		HideSolutionNode = FALSE
	EndGlobalSection
EndGlobal
